
Microsoft Visual Studio Solution File, Format Version 12.00
# Visual Studio 15
VisualStudioVersion = 15.0.27703.2026
MinimumVisualStudioVersion = 10.0.40219.1
Project("{2150E333-8FDC-42A3-9474-1A3956D46DE8}") = "3.BusinessLayer", "3.BusinessLayer", "{19042270-A28A-4CA5-8E5E-7128549391B9}"
EndProject
Project("{2150E333-8FDC-42A3-9474-1A3956D46DE8}") = "2.UIProcess", "2.UIProcess", "{095E2E59-35F3-4B2B-BC82-7C4E7DF434F4}"
EndProject
Project("{2150E333-8FDC-42A3-9474-1A3956D46DE8}") = "1.UserInterface", "1.UserInterface", "{8E43254A-8927-4F2E-98F2-281D56E91C75}"
EndProject
Project("{2150E333-8FDC-42A3-9474-1A3956D46DE8}") = "4.DataAccessLayer", "4.DataAccessLayer", "{58EBDF0B-0E05-4DF8-BAAC-3AB366CBE9A5}"
EndProject
Project("{2150E333-8FDC-42A3-9474-1A3956D46DE8}") = "LocalData", "LocalData", "{DA3EEC56-A5CC-4689-90FC-785F67772420}"
EndProject
Project("{FAE04EC0-301F-11D3-BF4B-00C04F79EFBC}") = "LocalDataAccessLayer", "4.DataAccessLayer\LocalData\LocalDataAccessLayer\LocalDataAccessLayer.csproj", "{AC8A38C9-CDED-445F-AA38-0DB82600823B}"
EndProject
Project("{2150E333-8FDC-42A3-9474-1A3956D46DE8}") = "ExternalData", "ExternalData", "{26518093-CD3B-4B76-AB33-EA2F811DF6F4}"
EndProject
Project("{FAE04EC0-301F-11D3-BF4B-00C04F79EFBC}") = "ExternalDataAccessLayer", "4.DataAccessLayer\ExternalData\ExternalDataAccessLayer\ExternalDataAccessLayer.csproj", "{4485A9FA-F37F-4ED5-8922-34EFD971CC6C}"
EndProject
Project("{2150E333-8FDC-42A3-9474-1A3956D46DE8}") = "DataBase", "DataBase", "{22F7777F-688A-4A35-B895-64B5B1EF022B}"
EndProject
Project("{00D1A9C2-B5F0-4AF3-8072-F6C62B433612}") = "FirstSampleSolutionDataBase", "DataBase\FirstSampleSolutionDataBase\FirstSampleSolutionDataBase.sqlproj", "{6F7B7DC3-6CA9-42B5-8B4A-9E05858EE0E0}"
EndProject
Project("{2150E333-8FDC-42A3-9474-1A3956D46DE8}") = "2.Z.Services", "2.Z.Services", "{C8C0FED6-6D1E-412D-9BFF-7853FBA19039}"
EndProject
Project("{FAE04EC0-301F-11D3-BF4B-00C04F79EFBC}") = "Services", "2.1.Services\Services\Services.csproj", "{3AEAFAA4-B961-4FC7-B977-18EF669B980A}"
EndProject
Project("{2150E333-8FDC-42A3-9474-1A3956D46DE8}") = "ServiceHost", "ServiceHost", "{5A62DF24-BABF-4636-AA7F-741F25DAAA0E}"
EndProject
Project("{2150E333-8FDC-42A3-9474-1A3956D46DE8}") = "Services", "Services", "{811811C2-2979-4560-B32B-86E2CC797388}"
EndProject
Project("{FAE04EC0-301F-11D3-BF4B-00C04F79EFBC}") = "ServiceHost", "2.1.Services\ServiceHost\ServiceHost.csproj", "{1E2D2F1D-F891-4E46-A333-6872771DFADE}"
EndProject
Project("{2150E333-8FDC-42A3-9474-1A3956D46DE8}") = "BusinessComponents", "BusinessComponents", "{F8082299-4BCD-4E01-9EEE-1E94F20EF787}"
EndProject
Project("{2150E333-8FDC-42A3-9474-1A3956D46DE8}") = "BusinessEntities", "BusinessEntities", "{1CD8784E-C88C-4AE6-BF12-740606875722}"
EndProject
Project("{FAE04EC0-301F-11D3-BF4B-00C04F79EFBC}") = "BusinessComponent", "3.BusinessLayer\BusinessComponent\BusinessComponent\BusinessComponent.csproj", "{5C171AD4-C7CE-4D25-B271-DC6CFDB312AD}"
EndProject
Project("{FAE04EC0-301F-11D3-BF4B-00C04F79EFBC}") = "BusinessEntities", "3.BusinessLayer\BusinessEntities\BusinessEntities\BusinessEntities.csproj", "{08ECE7D7-4170-42C5-B1EC-57A8B505D200}"
EndProject
Project("{FAE04EC0-301F-11D3-BF4B-00C04F79EFBC}") = "UIProcess", "2.0.UIProcess\UIProcess.csproj", "{1AC72C5A-DF32-419F-A6DE-4166C0175949}"
	ProjectSection(ProjectDependencies) = postProject
		{1E2D2F1D-F891-4E46-A333-6872771DFADE} = {1E2D2F1D-F891-4E46-A333-6872771DFADE}
	EndProjectSection
EndProject
Project("{FAE04EC0-301F-11D3-BF4B-00C04F79EFBC}") = "WebUserInterface", "1.UserInterface\WebUserInterface\WebUserInterface.csproj", "{96A55CF2-04B8-4B08-96CD-74E883887386}"
	ProjectSection(ProjectDependencies) = postProject
		{1E2D2F1D-F891-4E46-A333-6872771DFADE} = {1E2D2F1D-F891-4E46-A333-6872771DFADE}
	EndProjectSection
EndProject
Global
	GlobalSection(SolutionConfigurationPlatforms) = preSolution
		Debug|Any CPU = Debug|Any CPU
		Release|Any CPU = Release|Any CPU
	EndGlobalSection
	GlobalSection(ProjectConfigurationPlatforms) = postSolution
		{AC8A38C9-CDED-445F-AA38-0DB82600823B}.Debug|Any CPU.ActiveCfg = Debug|Any CPU
		{AC8A38C9-CDED-445F-AA38-0DB82600823B}.Debug|Any CPU.Build.0 = Debug|Any CPU
		{AC8A38C9-CDED-445F-AA38-0DB82600823B}.Release|Any CPU.ActiveCfg = Release|Any CPU
		{AC8A38C9-CDED-445F-AA38-0DB82600823B}.Release|Any CPU.Build.0 = Release|Any CPU
		{4485A9FA-F37F-4ED5-8922-34EFD971CC6C}.Debug|Any CPU.ActiveCfg = Debug|Any CPU
		{4485A9FA-F37F-4ED5-8922-34EFD971CC6C}.Debug|Any CPU.Build.0 = Debug|Any CPU
		{4485A9FA-F37F-4ED5-8922-34EFD971CC6C}.Release|Any CPU.ActiveCfg = Release|Any CPU
		{4485A9FA-F37F-4ED5-8922-34EFD971CC6C}.Release|Any CPU.Build.0 = Release|Any CPU
		{6F7B7DC3-6CA9-42B5-8B4A-9E05858EE0E0}.Debug|Any CPU.ActiveCfg = Debug|Any CPU
		{6F7B7DC3-6CA9-42B5-8B4A-9E05858EE0E0}.Debug|Any CPU.Build.0 = Debug|Any CPU
		{6F7B7DC3-6CA9-42B5-8B4A-9E05858EE0E0}.Debug|Any CPU.Deploy.0 = Debug|Any CPU
		{6F7B7DC3-6CA9-42B5-8B4A-9E05858EE0E0}.Release|Any CPU.ActiveCfg = Release|Any CPU
		{6F7B7DC3-6CA9-42B5-8B4A-9E05858EE0E0}.Release|Any CPU.Build.0 = Release|Any CPU
		{6F7B7DC3-6CA9-42B5-8B4A-9E05858EE0E0}.Release|Any CPU.Deploy.0 = Release|Any CPU
		{3AEAFAA4-B961-4FC7-B977-18EF669B980A}.Debug|Any CPU.ActiveCfg = Debug|Any CPU
		{3AEAFAA4-B961-4FC7-B977-18EF669B980A}.Debug|Any CPU.Build.0 = Debug|Any CPU
		{3AEAFAA4-B961-4FC7-B977-18EF669B980A}.Release|Any CPU.ActiveCfg = Release|Any CPU
		{3AEAFAA4-B961-4FC7-B977-18EF669B980A}.Release|Any CPU.Build.0 = Release|Any CPU
		{1E2D2F1D-F891-4E46-A333-6872771DFADE}.Debug|Any CPU.ActiveCfg = Debug|Any CPU
		{1E2D2F1D-F891-4E46-A333-6872771DFADE}.Debug|Any CPU.Build.0 = Debug|Any CPU
		{1E2D2F1D-F891-4E46-A333-6872771DFADE}.Release|Any CPU.ActiveCfg = Release|Any CPU
		{1E2D2F1D-F891-4E46-A333-6872771DFADE}.Release|Any CPU.Build.0 = Release|Any CPU
		{5C171AD4-C7CE-4D25-B271-DC6CFDB312AD}.Debug|Any CPU.ActiveCfg = Debug|Any CPU
		{5C171AD4-C7CE-4D25-B271-DC6CFDB312AD}.Debug|Any CPU.Build.0 = Debug|Any CPU
		{5C171AD4-C7CE-4D25-B271-DC6CFDB312AD}.Release|Any CPU.ActiveCfg = Release|Any CPU
		{5C171AD4-C7CE-4D25-B271-DC6CFDB312AD}.Release|Any CPU.Build.0 = Release|Any CPU
		{08ECE7D7-4170-42C5-B1EC-57A8B505D200}.Debug|Any CPU.ActiveCfg = Debug|Any CPU
		{08ECE7D7-4170-42C5-B1EC-57A8B505D200}.Debug|Any CPU.Build.0 = Debug|Any CPU
		{08ECE7D7-4170-42C5-B1EC-57A8B505D200}.Release|Any CPU.ActiveCfg = Release|Any CPU
		{08ECE7D7-4170-42C5-B1EC-57A8B505D200}.Release|Any CPU.Build.0 = Release|Any CPU
		{1AC72C5A-DF32-419F-A6DE-4166C0175949}.Debug|Any CPU.ActiveCfg = Debug|Any CPU
		{1AC72C5A-DF32-419F-A6DE-4166C0175949}.Debug|Any CPU.Build.0 = Debug|Any CPU
		{1AC72C5A-DF32-419F-A6DE-4166C0175949}.Release|Any CPU.ActiveCfg = Release|Any CPU
		{1AC72C5A-DF32-419F-A6DE-4166C0175949}.Release|Any CPU.Build.0 = Release|Any CPU
		{96A55CF2-04B8-4B08-96CD-74E883887386}.Debug|Any CPU.ActiveCfg = Debug|Any CPU
		{96A55CF2-04B8-4B08-96CD-74E883887386}.Debug|Any CPU.Build.0 = Debug|Any CPU
		{96A55CF2-04B8-4B08-96CD-74E883887386}.Release|Any CPU.ActiveCfg = Release|Any CPU
		{96A55CF2-04B8-4B08-96CD-74E883887386}.Release|Any CPU.Build.0 = Release|Any CPU
	EndGlobalSection
	GlobalSection(SolutionProperties) = preSolution
		HideSolutionNode = FALSE
	EndGlobalSection
	GlobalSection(NestedProjects) = preSolution
		{DA3EEC56-A5CC-4689-90FC-785F67772420} = {58EBDF0B-0E05-4DF8-BAAC-3AB366CBE9A5}
		{AC8A38C9-CDED-445F-AA38-0DB82600823B} = {DA3EEC56-A5CC-4689-90FC-785F67772420}
		{26518093-CD3B-4B76-AB33-EA2F811DF6F4} = {58EBDF0B-0E05-4DF8-BAAC-3AB366CBE9A5}
		{4485A9FA-F37F-4ED5-8922-34EFD971CC6C} = {26518093-CD3B-4B76-AB33-EA2F811DF6F4}
		{6F7B7DC3-6CA9-42B5-8B4A-9E05858EE0E0} = {22F7777F-688A-4A35-B895-64B5B1EF022B}
		{3AEAFAA4-B961-4FC7-B977-18EF669B980A} = {811811C2-2979-4560-B32B-86E2CC797388}
		{5A62DF24-BABF-4636-AA7F-741F25DAAA0E} = {C8C0FED6-6D1E-412D-9BFF-7853FBA19039}
		{811811C2-2979-4560-B32B-86E2CC797388} = {C8C0FED6-6D1E-412D-9BFF-7853FBA19039}
		{1E2D2F1D-F891-4E46-A333-6872771DFADE} = {5A62DF24-BABF-4636-AA7F-741F25DAAA0E}
		{F8082299-4BCD-4E01-9EEE-1E94F20EF787} = {19042270-A28A-4CA5-8E5E-7128549391B9}
		{1CD8784E-C88C-4AE6-BF12-740606875722} = {19042270-A28A-4CA5-8E5E-7128549391B9}
		{5C171AD4-C7CE-4D25-B271-DC6CFDB312AD} = {F8082299-4BCD-4E01-9EEE-1E94F20EF787}
		{08ECE7D7-4170-42C5-B1EC-57A8B505D200} = {1CD8784E-C88C-4AE6-BF12-740606875722}
		{1AC72C5A-DF32-419F-A6DE-4166C0175949} = {095E2E59-35F3-4B2B-BC82-7C4E7DF434F4}
		{96A55CF2-04B8-4B08-96CD-74E883887386} = {8E43254A-8927-4F2E-98F2-281D56E91C75}
	EndGlobalSection
	GlobalSection(ExtensibilityGlobals) = postSolution
		SolutionGuid = {64473A44-612E-4053-B2CA-ADC5466EBEE8}
	EndGlobalSection
EndGlobal
